// !$*UTF8*$!
{
	archiveVersion = 1;
	classes = {
	};
	objectVersion = 54;
	objects = {

/* Begin PBXBuildFile section */
		03CA158A17954828B7D04701 /* Algorithms in Frameworks */ = {isa = PBXBuildFile; productRef = 03CA158A17954828B7D04702 /* Algorithms */; };
		05FE59B0FBE654BB331E5C31 /* FactsService.swift in Sources */ = {isa = PBXBuildFile; fileRef = 41189B09B0616091E83498EE /* FactsService.swift */; };
		09046AFD5142175BB73E335F /* AppCoordinator.swift in Sources */ = {isa = PBXBuildFile; fileRef = 5822B82321A3032EC8AE300E /* AppCoordinator.swift */; };
		126E10C823ED401C8A1B4201 /* FactStatusView.swift in Sources */ = {isa = PBXBuildFile; fileRef = 126E10C823ED401C8A1B4202 /* FactStatusView.swift */; };
		156652BA6446CA1821CD834E /* FactsServiceTests.swift in Sources */ = {isa = PBXBuildFile; fileRef = 661C87988D524D16C5AC9B64 /* FactsServiceTests.swift */; };
		15BABB5CBAC6CBF0B31B55C3 /* FactsListViewController.swift in Sources */ = {isa = PBXBuildFile; fileRef = FE86A26FC1ADBB677AE0C728 /* FactsListViewController.swift */; };
		19F9445F2B93FCC75B333416 /* ScreenFactoryProtocol.swift in Sources */ = {isa = PBXBuildFile; fileRef = 7513DD4D4553EFBF0FA510F6 /* ScreenFactoryProtocol.swift */; };
		1A37400C368F4BAC1452E540 /* Coordinator.swift in Sources */ = {isa = PBXBuildFile; fileRef = 7E735E3245F20134DC7C8B90 /* Coordinator.swift */; };
		1C6B0E8D6CF995F6131BCC35 /* FactsListViewModelTests.swift in Sources */ = {isa = PBXBuildFile; fileRef = 683348EEC407DAF5FD6BD619 /* FactsListViewModelTests.swift */; };
		1C7F56F6255C76292D865076 /* AppDependencies.swift in Sources */ = {isa = PBXBuildFile; fileRef = C0C4109F7C33087442260F34 /* AppDependencies.swift */; };
		1D7331078205444AB2D18401 /* AppDependenciesProtocol.swift in Sources */ = {isa = PBXBuildFile; fileRef = 1D7331078205444AB2D18402 /* AppDependenciesProtocol.swift */; };
		1D7331078205444AB2D18403 /* PreviewAppDependencies.swift in Sources */ = {isa = PBXBuildFile; fileRef = 1D7331078205444AB2D18404 /* PreviewAppDependencies.swift */; };
		1D7331078205444AB2D18406 /* CatFactFixtures.swift in Sources */ = {isa = PBXBuildFile; fileRef = 1D7331078205444AB2D18407 /* CatFactFixtures.swift */; };
		243ED0D703EA4B21DDA1128A /* CatFact.swift in Sources */ = {isa = PBXBuildFile; fileRef = 49A709C652B8FDE7BCAB6630 /* CatFact.swift */; };
		2592253372E16059F95738D6 /* Coordinator.swift in Sources */ = {isa = PBXBuildFile; fileRef = 7E735E3245F20134DC7C8B90 /* Coordinator.swift */; };
		27736AD0CF02B77921AB459F /* AppDelegate.swift in Sources */ = {isa = PBXBuildFile; fileRef = 88CFD40126136D370090B26A /* AppDelegate.swift */; };
		2A11E491E66C758022E09D47 /* FactsServiceProtocol.swift in Sources */ = {isa = PBXBuildFile; fileRef = DC8E896F78FC5B6B4129BB2C /* FactsServiceProtocol.swift */; };
		2EFAB75A10B5797E66FF86E7 /* CatFactFixtures.swift in Sources */ = {isa = PBXBuildFile; fileRef = 1D7331078205444AB2D18407 /* CatFactFixtures.swift */; };
		368907CB972EDBD1C5DBFA4E /* FactDetailsView.swift in Sources */ = {isa = PBXBuildFile; fileRef = B0274C761EEFED16B721A4EB /* FactDetailsView.swift */; };
		3C844216118303DCCAC8350E /* Alamofire in Frameworks */ = {isa = PBXBuildFile; productRef = D59EE6433062EDAE00947FA5 /* Alamofire */; };
		3E41E06CF4E3ABBAD73B6F62 /* ScreenFactory.swift in Sources */ = {isa = PBXBuildFile; fileRef = 6FFD45089F726F72C64B7CDA /* ScreenFactory.swift */; };
		409776DA26670F5D37DE2F93 /* AppEnvironment.swift in Sources */ = {isa = PBXBuildFile; fileRef = FA8160D309B9CEBA688A2A13 /* AppEnvironment.swift */; };
		41CF4BF451A851BA434C66B5 /* Algorithms in Frameworks */ = {isa = PBXBuildFile; productRef = 03CA158A17954828B7D04702 /* Algorithms */; };
		4A06270C7F96B034450AE3F2 /* HTTPClientError.swift in Sources */ = {isa = PBXBuildFile; fileRef = 19D0999FE693702787BE08D7 /* HTTPClientError.swift */; };
		52E7EF3910AB3D903D706E8D /* FactsListViewModel.swift in Sources */ = {isa = PBXBuildFile; fileRef = 540DA5E9AE645AA09FBD31D1 /* FactsListViewModel.swift */; };
		5384ACCCDD0A26C35A979A9C /* FactsServiceProtocol.swift in Sources */ = {isa = PBXBuildFile; fileRef = DC8E896F78FC5B6B4129BB2C /* FactsServiceProtocol.swift */; };
		5A48E4116103F942D8A35A11 /* ScreenFactory.swift in Sources */ = {isa = PBXBuildFile; fileRef = 6FFD45089F726F72C64B7CDA /* ScreenFactory.swift */; };
		622CBF976639B41BF85D5233 /* FactDetailsViewController.swift in Sources */ = {isa = PBXBuildFile; fileRef = 2B47CF668E178AEA2BDB172B /* FactDetailsViewController.swift */; };
		684F6BCFCFBDDB16075ADDF9 /* Foundation.framework in Frameworks */ = {isa = PBXBuildFile; fileRef = 30296A69A767F75323BCFE98 /* Foundation.framework */; };
		722BC311EEB4AA6E5C60EC3A /* FactsListViewController.swift in Sources */ = {isa = PBXBuildFile; fileRef = FE86A26FC1ADBB677AE0C728 /* FactsListViewController.swift */; };
		747AC97CA6A7DCED3AC0D092 /* AlamofireHTTPClient.swift in Sources */ = {isa = PBXBuildFile; fileRef = DCC372C68B0747C96D5DFF2A /* AlamofireHTTPClient.swift */; };
		82140ACBC6E2FFD828641462 /* AppDependencies.swift in Sources */ = {isa = PBXBuildFile; fileRef = C0C4109F7C33087442260F34 /* AppDependencies.swift */; };
		82DF34BA315B0C94A19DFF13 /* LaunchScreen.storyboard in Resources */ = {isa = PBXBuildFile; fileRef = 88CFD40C26136D3A0090B26A /* LaunchScreen.storyboard */; };
		8411AC9D8143E90F73DE060A /* HTTPClientError.swift in Sources */ = {isa = PBXBuildFile; fileRef = 19D0999FE693702787BE08D7 /* HTTPClientError.swift */; };
		84334E8817CE7959E2E9996E /* Localizable.strings in Resources */ = {isa = PBXBuildFile; fileRef = A91F90C9230B400A00000004 /* Localizable.strings */; };
		87CC276667E2F5923BBA659D /* Assets.xcassets in Resources */ = {isa = PBXBuildFile; fileRef = 88CFD40A26136D3A0090B26A /* Assets.xcassets */; };
		88CFD40226136D370090B26A /* AppDelegate.swift in Sources */ = {isa = PBXBuildFile; fileRef = 88CFD40126136D370090B26A /* AppDelegate.swift */; };
		88CFD40426136D370090B26A /* SceneDelegate.swift in Sources */ = {isa = PBXBuildFile; fileRef = 88CFD40326136D370090B26A /* SceneDelegate.swift */; };
		88CFD40B26136D3A0090B26A /* Assets.xcassets in Resources */ = {isa = PBXBuildFile; fileRef = 88CFD40A26136D3A0090B26A /* Assets.xcassets */; };
		88CFD40E26136D3A0090B26A /* LaunchScreen.storyboard in Resources */ = {isa = PBXBuildFile; fileRef = 88CFD40C26136D3A0090B26A /* LaunchScreen.storyboard */; };
		88CFD42426136D3B0090B26A /* CatFactsUITests.swift in Sources */ = {isa = PBXBuildFile; fileRef = 88CFD42326136D3B0090B26A /* CatFactsUITests.swift */; };
		8C95009653714DCF92638A01 /* FactsListCollectionViewController.swift in Sources */ = {isa = PBXBuildFile; fileRef = 8C95009653714DCF92638A02 /* FactsListCollectionViewController.swift */; };
		8C95009653714DCF92638A03 /* FactsListLegacyViewController.swift in Sources */ = {isa = PBXBuildFile; fileRef = 8C95009653714DCF92638A04 /* FactsListLegacyViewController.swift */; };
		9021E08D412E1FB310E1A4D4 /* FactDetailsViewModel.swift in Sources */ = {isa = PBXBuildFile; fileRef = CD088A7F328D611ED5E2403B /* FactDetailsViewModel.swift */; };
		903677F4B4B9B99A8547F5C9 /* SnapKit in Frameworks */ = {isa = PBXBuildFile; productRef = 8EAB889AF8FADB095841DAAA /* SnapKit */; };
		95D19B91254169DC96FF66B1 /* AlamofireHTTPClientTests.swift in Sources */ = {isa = PBXBuildFile; fileRef = 59D285AF09722E34400F605A /* AlamofireHTTPClientTests.swift */; };
		9A62E9116AD18098A4CA2F0B /* FactsListViewModel.swift in Sources */ = {isa = PBXBuildFile; fileRef = 540DA5E9AE645AA09FBD31D1 /* FactsListViewModel.swift */; };
		9A8DA7275D793ECDF414140E /* FactDetailsViewController.swift in Sources */ = {isa = PBXBuildFile; fileRef = 2B47CF668E178AEA2BDB172B /* FactDetailsViewController.swift */; };
		9D187435FAE21F871A00E90B /* AlamofireHTTPClient.swift in Sources */ = {isa = PBXBuildFile; fileRef = DCC372C68B0747C96D5DFF2A /* AlamofireHTTPClient.swift */; };
		A5AA10B6201092A90FB93FAA /* AppDependenciesProtocol.swift in Sources */ = {isa = PBXBuildFile; fileRef = 1D7331078205444AB2D18402 /* AppDependenciesProtocol.swift */; };
		A91F90C9230B400A00000002 /* Localization.swift in Sources */ = {isa = PBXBuildFile; fileRef = A91F90C9230B400A00000001 /* Localization.swift */; };
		A91F90C9230B400A00000005 /* Localizable.strings in Resources */ = {isa = PBXBuildFile; fileRef = A91F90C9230B400A00000004 /* Localizable.strings */; };
		A91F90C9230B400A00000007 /* LocalizedPreview.swift in Sources */ = {isa = PBXBuildFile; fileRef = A91F90C9230B400A00000006 /* LocalizedPreview.swift */; };
		A91F90C9230B400A00000009 /* LocalizationTests.swift in Sources */ = {isa = PBXBuildFile; fileRef = A91F90C9230B400A00000008 /* LocalizationTests.swift */; };
		AAC5A98C76549AFC8575ECBD /* AppEnvironment.swift in Sources */ = {isa = PBXBuildFile; fileRef = FA8160D309B9CEBA688A2A13 /* AppEnvironment.swift */; };
		AB8CE5686A3BA8A52BE6C31D /* FactCell.swift in Sources */ = {isa = PBXBuildFile; fileRef = CB870C2A05EEC588E87FA8D4 /* FactCell.swift */; };
		AC648FE40D2D38B16DBEBA62 /* ScreenFactoryProtocol.swift in Sources */ = {isa = PBXBuildFile; fileRef = 7513DD4D4553EFBF0FA510F6 /* ScreenFactoryProtocol.swift */; };
		AC8ED5D06D2AC845AB2B69FE /* FactsServiceError.swift in Sources */ = {isa = PBXBuildFile; fileRef = 35D34FC519BE7F5511044ACE /* FactsServiceError.swift */; };
		B64C5D825F4C94E2427AD6CE /* FactDetailsViewModel.swift in Sources */ = {isa = PBXBuildFile; fileRef = CD088A7F328D611ED5E2403B /* FactDetailsViewModel.swift */; };
		B6AF373D321EFE33CB0E743B /* Alamofire in Frameworks */ = {isa = PBXBuildFile; productRef = D59EE6433062EDAE00947FA5 /* Alamofire */; };
		B856B28E0C8C35329533F4AC /* CatFact.swift in Sources */ = {isa = PBXBuildFile; fileRef = 49A709C652B8FDE7BCAB6630 /* CatFact.swift */; };
		B8A6AC78B119878260CE332C /* CatFactDTO.swift in Sources */ = {isa = PBXBuildFile; fileRef = 985551D32B17E426589BFFF6 /* CatFactDTO.swift */; };
		BCF58061AF72EA707555D722 /* PreviewAppDependencies.swift in Sources */ = {isa = PBXBuildFile; fileRef = 1D7331078205444AB2D18404 /* PreviewAppDependencies.swift */; };
		C0EED2CA1D2086B03D5A6438 /* FactsServiceStub.swift in Sources */ = {isa = PBXBuildFile; fileRef = 4FFFD5AB3C91B9A333391E95 /* FactsServiceStub.swift */; };
		C370E8E02498B4DEB0389E3D /* HTTPClientProtocol.swift in Sources */ = {isa = PBXBuildFile; fileRef = 95A42C4618DDF75A9EC236A7 /* HTTPClientProtocol.swift */; };
		C50D3196E1BED1DFBC37ECA7 /* FactsServiceStub.swift in Sources */ = {isa = PBXBuildFile; fileRef = 4FFFD5AB3C91B9A333391E95 /* FactsServiceStub.swift */; };
		CB4CFCDD9CF16FF03CE2DC5E /* HTTPClientProtocol.swift in Sources */ = {isa = PBXBuildFile; fileRef = 95A42C4618DDF75A9EC236A7 /* HTTPClientProtocol.swift */; };
		CCDB5E8379B17EBD9ABF0F76 /* FactsService.swift in Sources */ = {isa = PBXBuildFile; fileRef = 41189B09B0616091E83498EE /* FactsService.swift */; };
		D07ADDDD90BB07F1A56CA2D4 /* FactsListLegacyViewController.swift in Sources */ = {isa = PBXBuildFile; fileRef = 8C95009653714DCF92638A04 /* FactsListLegacyViewController.swift */; };
		D59EE6443062EDAE00947FA5 /* Alamofire in Frameworks */ = {isa = PBXBuildFile; productRef = D59EE6433062EDAE00947FA5 /* Alamofire */; };
		D6D2F1F4A3389A12BAAE326D /* FactsResponse.json in Resources */ = {isa = PBXBuildFile; fileRef = 680BE011C6F9FC8F4F8F0DF1 /* FactsResponse.json */; };
		DCA4AA1802C2443833D9A450 /* FactsServiceError.swift in Sources */ = {isa = PBXBuildFile; fileRef = 35D34FC519BE7F5511044ACE /* FactsServiceError.swift */; };
		E7EF31758CE9868B1E224006 /* FactCell.swift in Sources */ = {isa = PBXBuildFile; fileRef = CB870C2A05EEC588E87FA8D4 /* FactCell.swift */; };
		EE573A410E617DC43B21284C /* LocalizedPreview.swift in Sources */ = {isa = PBXBuildFile; fileRef = A91F90C9230B400A00000006 /* LocalizedPreview.swift */; };
		F154B69EA1A10C4311DE107A /* FactsListCollectionViewController.swift in Sources */ = {isa = PBXBuildFile; fileRef = 8C95009653714DCF92638A02 /* FactsListCollectionViewController.swift */; };
		F23B37CA9AC60507F0305729 /* CatFactDTO.swift in Sources */ = {isa = PBXBuildFile; fileRef = 985551D32B17E426589BFFF6 /* CatFactDTO.swift */; };
		F2BD28D6AEB6207BB9DDE5CE /* AppCoordinator.swift in Sources */ = {isa = PBXBuildFile; fileRef = 5822B82321A3032EC8AE300E /* AppCoordinator.swift */; };
		F31B21E290D94639882D014A /* CatFactTests.swift in Sources */ = {isa = PBXBuildFile; fileRef = E292C1136A024EDBB7E617E0 /* CatFactTests.swift */; };
		F576235426C90BD68D94FB0E /* FactDetailsView.swift in Sources */ = {isa = PBXBuildFile; fileRef = B0274C761EEFED16B721A4EB /* FactDetailsView.swift */; };
		F964845AD67EE6F5542A52A7 /* SnapKit in Frameworks */ = {isa = PBXBuildFile; productRef = 8EAB889AF8FADB095841DAAA /* SnapKit */; };
		F9E6055487FF9B427909F4EC /* UITestSceneDelegate.swift in Sources */ = {isa = PBXBuildFile; fileRef = 886EAE804971716EA2CB4A23 /* UITestSceneDelegate.swift */; };
		F9EAE058485B32115D4C860B /* FactStatusView.swift in Sources */ = {isa = PBXBuildFile; fileRef = 126E10C823ED401C8A1B4202 /* FactStatusView.swift */; };
		FDABB3EF53EE034CA95B5BAF /* Localization.swift in Sources */ = {isa = PBXBuildFile; fileRef = A91F90C9230B400A00000001 /* Localization.swift */; };
/* End PBXBuildFile section */

/* Begin PBXContainerItemProxy section */
		2AAA1818440231492D0812F9 /* PBXContainerItemProxy */ = {
			isa = PBXContainerItemProxy;
			containerPortal = 88CFD3F626136D370090B26A /* Project object */;
			proxyType = 1;
			remoteGlobalIDString = 5D605F035ABB5903200201FA;
			remoteInfo = CatFactsUITestHost;
		};
		88CFD41526136D3B0090B26A /* PBXContainerItemProxy */ = {
			isa = PBXContainerItemProxy;
			containerPortal = 88CFD3F626136D370090B26A /* Project object */;
			proxyType = 1;
			remoteGlobalIDString = 88CFD3FD26136D370090B26A;
			remoteInfo = CatFacts;
		};
/* End PBXContainerItemProxy section */

/* Begin PBXFileReference section */
		126E10C823ED401C8A1B4202 /* FactStatusView.swift */ = {isa = PBXFileReference; lastKnownFileType = sourcecode.swift; path = FactStatusView.swift; sourceTree = "<group>"; };
		19D0999FE693702787BE08D7 /* HTTPClientError.swift */ = {isa = PBXFileReference; includeInIndex = 1; lastKnownFileType = sourcecode.swift; path = HTTPClientError.swift; sourceTree = "<group>"; };
		1D7331078205444AB2D18402 /* AppDependenciesProtocol.swift */ = {isa = PBXFileReference; includeInIndex = 1; lastKnownFileType = sourcecode.swift; path = AppDependenciesProtocol.swift; sourceTree = "<group>"; };
		1D7331078205444AB2D18404 /* PreviewAppDependencies.swift */ = {isa = PBXFileReference; includeInIndex = 1; lastKnownFileType = sourcecode.swift; path = PreviewAppDependencies.swift; sourceTree = "<group>"; };
		1D7331078205444AB2D18407 /* CatFactFixtures.swift */ = {isa = PBXFileReference; lastKnownFileType = sourcecode.swift; path = CatFactFixtures.swift; sourceTree = "<group>"; };
		2B47CF668E178AEA2BDB172B /* FactDetailsViewController.swift */ = {isa = PBXFileReference; includeInIndex = 1; lastKnownFileType = sourcecode.swift; path = FactDetailsViewController.swift; sourceTree = "<group>"; };
		30296A69A767F75323BCFE98 /* Foundation.framework */ = {isa = PBXFileReference; lastKnownFileType = wrapper.framework; name = Foundation.framework; path = Platforms/iPhoneOS.platform/Developer/SDKs/iPhoneOS18.0.sdk/System/Library/Frameworks/Foundation.framework; sourceTree = DEVELOPER_DIR; };
		35D34FC519BE7F5511044ACE /* FactsServiceError.swift */ = {isa = PBXFileReference; includeInIndex = 1; lastKnownFileType = sourcecode.swift; path = FactsServiceError.swift; sourceTree = "<group>"; };
		41189B09B0616091E83498EE /* FactsService.swift */ = {isa = PBXFileReference; includeInIndex = 1; lastKnownFileType = sourcecode.swift; path = FactsService.swift; sourceTree = "<group>"; };
		49A709C652B8FDE7BCAB6630 /* CatFact.swift */ = {isa = PBXFileReference; includeInIndex = 1; lastKnownFileType = sourcecode.swift; path = CatFact.swift; sourceTree = "<group>"; };
		4FFFD5AB3C91B9A333391E95 /* FactsServiceStub.swift */ = {isa = PBXFileReference; includeInIndex = 1; lastKnownFileType = sourcecode.swift; path = FactsServiceStub.swift; sourceTree = "<group>"; };
		540DA5E9AE645AA09FBD31D1 /* FactsListViewModel.swift */ = {isa = PBXFileReference; includeInIndex = 1; lastKnownFileType = sourcecode.swift; path = FactsListViewModel.swift; sourceTree = "<group>"; };
		566142F65DBE2C4219367DEB /* CatFactsUITestHost.app */ = {isa = PBXFileReference; explicitFileType = wrapper.application; includeInIndex = 0; path = CatFactsUITestHost.app; sourceTree = BUILT_PRODUCTS_DIR; };
		5822B82321A3032EC8AE300E /* AppCoordinator.swift */ = {isa = PBXFileReference; includeInIndex = 1; lastKnownFileType = sourcecode.swift; path = AppCoordinator.swift; sourceTree = "<group>"; };
		59D285AF09722E34400F605A /* AlamofireHTTPClientTests.swift */ = {isa = PBXFileReference; includeInIndex = 1; lastKnownFileType = sourcecode.swift; path = AlamofireHTTPClientTests.swift; sourceTree = "<group>"; };
		661C87988D524D16C5AC9B64 /* FactsServiceTests.swift */ = {isa = PBXFileReference; includeInIndex = 1; lastKnownFileType = sourcecode.swift; path = FactsServiceTests.swift; sourceTree = "<group>"; };
		680BE011C6F9FC8F4F8F0DF1 /* FactsResponse.json */ = {isa = PBXFileReference; includeInIndex = 1; lastKnownFileType = text.json; path = FactsResponse.json; sourceTree = "<group>"; };
		683348EEC407DAF5FD6BD619 /* FactsListViewModelTests.swift */ = {isa = PBXFileReference; includeInIndex = 1; lastKnownFileType = sourcecode.swift; path = FactsListViewModelTests.swift; sourceTree = "<group>"; };
		6FFD45089F726F72C64B7CDA /* ScreenFactory.swift */ = {isa = PBXFileReference; includeInIndex = 1; lastKnownFileType = sourcecode.swift; path = ScreenFactory.swift; sourceTree = "<group>"; };
		7513DD4D4553EFBF0FA510F6 /* ScreenFactoryProtocol.swift */ = {isa = PBXFileReference; includeInIndex = 1; lastKnownFileType = sourcecode.swift; path = ScreenFactoryProtocol.swift; sourceTree = "<group>"; };
		7E735E3245F20134DC7C8B90 /* Coordinator.swift */ = {isa = PBXFileReference; includeInIndex = 1; lastKnownFileType = sourcecode.swift; path = Coordinator.swift; sourceTree = "<group>"; };
		886EAE804971716EA2CB4A23 /* UITestSceneDelegate.swift */ = {isa = PBXFileReference; includeInIndex = 1; lastKnownFileType = sourcecode.swift; path = UITestSceneDelegate.swift; sourceTree = "<group>"; };
		88CFD3FE26136D370090B26A /* CatFacts.app */ = {isa = PBXFileReference; explicitFileType = wrapper.application; includeInIndex = 0; path = CatFacts.app; sourceTree = BUILT_PRODUCTS_DIR; };
		88CFD40126136D370090B26A /* AppDelegate.swift */ = {isa = PBXFileReference; lastKnownFileType = sourcecode.swift; path = AppDelegate.swift; sourceTree = "<group>"; };
		88CFD40326136D370090B26A /* SceneDelegate.swift */ = {isa = PBXFileReference; lastKnownFileType = sourcecode.swift; path = SceneDelegate.swift; sourceTree = "<group>"; };
		88CFD40A26136D3A0090B26A /* Assets.xcassets */ = {isa = PBXFileReference; lastKnownFileType = folder.assetcatalog; path = Assets.xcassets; sourceTree = "<group>"; };
		88CFD40D26136D3A0090B26A /* Base */ = {isa = PBXFileReference; lastKnownFileType = file.storyboard; name = Base; path = Base.lproj/LaunchScreen.storyboard; sourceTree = "<group>"; };
		88CFD40F26136D3A0090B26A /* Info.plist */ = {isa = PBXFileReference; lastKnownFileType = text.plist.xml; path = Info.plist; sourceTree = "<group>"; };
		88CFD41426136D3B0090B26A /* CatFactsTests.xctest */ = {isa = PBXFileReference; explicitFileType = wrapper.cfbundle; includeInIndex = 0; path = CatFactsTests.xctest; sourceTree = BUILT_PRODUCTS_DIR; };
		88CFD41A26136D3B0090B26A /* Info.plist */ = {isa = PBXFileReference; lastKnownFileType = text.plist.xml; path = Info.plist; sourceTree = "<group>"; };
		88CFD41F26136D3B0090B26A /* CatFactsUITests.xctest */ = {isa = PBXFileReference; explicitFileType = wrapper.cfbundle; includeInIndex = 0; path = CatFactsUITests.xctest; sourceTree = BUILT_PRODUCTS_DIR; };
		88CFD42326136D3B0090B26A /* CatFactsUITests.swift */ = {isa = PBXFileReference; lastKnownFileType = sourcecode.swift; path = CatFactsUITests.swift; sourceTree = "<group>"; };
		88CFD42526136D3B0090B26A /* Info.plist */ = {isa = PBXFileReference; lastKnownFileType = text.plist.xml; path = Info.plist; sourceTree = "<group>"; };
		8C95009653714DCF92638A02 /* FactsListCollectionViewController.swift */ = {isa = PBXFileReference; includeInIndex = 1; lastKnownFileType = sourcecode.swift; path = FactsListCollectionViewController.swift; sourceTree = "<group>"; };
		8C95009653714DCF92638A04 /* FactsListLegacyViewController.swift */ = {isa = PBXFileReference; includeInIndex = 1; lastKnownFileType = sourcecode.swift; path = FactsListLegacyViewController.swift; sourceTree = "<group>"; };
		95A42C4618DDF75A9EC236A7 /* HTTPClientProtocol.swift */ = {isa = PBXFileReference; includeInIndex = 1; lastKnownFileType = sourcecode.swift; path = HTTPClientProtocol.swift; sourceTree = "<group>"; };
		985551D32B17E426589BFFF6 /* CatFactDTO.swift */ = {isa = PBXFileReference; includeInIndex = 1; lastKnownFileType = sourcecode.swift; path = CatFactDTO.swift; sourceTree = "<group>"; };
		A91F90C9230B400A00000001 /* Localization.swift */ = {isa = PBXFileReference; lastKnownFileType = sourcecode.swift; path = Localization.swift; sourceTree = "<group>"; };
		A91F90C9230B400A00000006 /* LocalizedPreview.swift */ = {isa = PBXFileReference; lastKnownFileType = sourcecode.swift; path = LocalizedPreview.swift; sourceTree = "<group>"; };
		A91F90C9230B400A00000008 /* LocalizationTests.swift */ = {isa = PBXFileReference; lastKnownFileType = sourcecode.swift; path = LocalizationTests.swift; sourceTree = "<group>"; };
		A91F90C9230B400A00000101 /* en */ = {isa = PBXFileReference; lastKnownFileType = text.plist.strings; name = en; path = en.lproj/Localizable.strings; sourceTree = "<group>"; };
		A91F90C9230B400A00000102 /* es */ = {isa = PBXFileReference; lastKnownFileType = text.plist.strings; name = es; path = es.lproj/Localizable.strings; sourceTree = "<group>"; };
		A91F90C9230B400A00000103 /* fr */ = {isa = PBXFileReference; lastKnownFileType = text.plist.strings; name = fr; path = fr.lproj/Localizable.strings; sourceTree = "<group>"; };
		A91F90C9230B400A00000104 /* de */ = {isa = PBXFileReference; lastKnownFileType = text.plist.strings; name = de; path = de.lproj/Localizable.strings; sourceTree = "<group>"; };
		A91F90C9230B400A00000105 /* pt-BR */ = {isa = PBXFileReference; lastKnownFileType = text.plist.strings; name = "pt-BR"; path = "pt-BR.lproj/Localizable.strings"; sourceTree = "<group>"; };
		A91F90C9230B400A00000106 /* ru */ = {isa = PBXFileReference; lastKnownFileType = text.plist.strings; name = ru; path = ru.lproj/Localizable.strings; sourceTree = "<group>"; };
		A91F90C9230B400A00000107 /* ar */ = {isa = PBXFileReference; lastKnownFileType = text.plist.strings; name = ar; path = ar.lproj/Localizable.strings; sourceTree = "<group>"; };
		A91F90C9230B400A00000108 /* hi */ = {isa = PBXFileReference; lastKnownFileType = text.plist.strings; name = hi; path = hi.lproj/Localizable.strings; sourceTree = "<group>"; };
		A91F90C9230B400A00000109 /* zh-Hans */ = {isa = PBXFileReference; lastKnownFileType = text.plist.strings; name = "zh-Hans"; path = "zh-Hans.lproj/Localizable.strings"; sourceTree = "<group>"; };
		A91F90C9230B400A0000010A /* ja */ = {isa = PBXFileReference; lastKnownFileType = text.plist.strings; name = ja; path = ja.lproj/Localizable.strings; sourceTree = "<group>"; };
		B0274C761EEFED16B721A4EB /* FactDetailsView.swift */ = {isa = PBXFileReference; includeInIndex = 1; lastKnownFileType = sourcecode.swift; path = FactDetailsView.swift; sourceTree = "<group>"; };
		C0C4109F7C33087442260F34 /* AppDependencies.swift */ = {isa = PBXFileReference; includeInIndex = 1; lastKnownFileType = sourcecode.swift; path = AppDependencies.swift; sourceTree = "<group>"; };
		CB870C2A05EEC588E87FA8D4 /* FactCell.swift */ = {isa = PBXFileReference; includeInIndex = 1; lastKnownFileType = sourcecode.swift; path = FactCell.swift; sourceTree = "<group>"; };
		CD088A7F328D611ED5E2403B /* FactDetailsViewModel.swift */ = {isa = PBXFileReference; includeInIndex = 1; lastKnownFileType = sourcecode.swift; path = FactDetailsViewModel.swift; sourceTree = "<group>"; };
		DC8E896F78FC5B6B4129BB2C /* FactsServiceProtocol.swift */ = {isa = PBXFileReference; includeInIndex = 1; lastKnownFileType = sourcecode.swift; path = FactsServiceProtocol.swift; sourceTree = "<group>"; };
		DCC372C68B0747C96D5DFF2A /* AlamofireHTTPClient.swift */ = {isa = PBXFileReference; includeInIndex = 1; lastKnownFileType = sourcecode.swift; path = AlamofireHTTPClient.swift; sourceTree = "<group>"; };
		E0E4E467BA69CCD125797C98 /* Pods_CatFacts.framework */ = {isa = PBXFileReference; explicitFileType = wrapper.framework; includeInIndex = 0; path = Pods_CatFacts.framework; sourceTree = BUILT_PRODUCTS_DIR; };
		E292C1136A024EDBB7E617E0 /* CatFactTests.swift */ = {isa = PBXFileReference; includeInIndex = 1; lastKnownFileType = sourcecode.swift; path = CatFactTests.swift; sourceTree = "<group>"; };
		FA8160D309B9CEBA688A2A13 /* AppEnvironment.swift */ = {isa = PBXFileReference; includeInIndex = 1; lastKnownFileType = sourcecode.swift; path = AppEnvironment.swift; sourceTree = "<group>"; };
		FE86A26FC1ADBB677AE0C728 /* FactsListViewController.swift */ = {isa = PBXFileReference; includeInIndex = 1; lastKnownFileType = sourcecode.swift; path = FactsListViewController.swift; sourceTree = "<group>"; };
/* End PBXFileReference section */

/* Begin PBXFrameworksBuildPhase section */
		88CFD3FB26136D370090B26A /* Frameworks */ = {
			isa = PBXFrameworksBuildPhase;
			buildActionMask = 2147483647;
			files = (
				D59EE6443062EDAE00947FA5 /* Alamofire in Frameworks */,
				903677F4B4B9B99A8547F5C9 /* SnapKit in Frameworks */,
				03CA158A17954828B7D04701 /* Algorithms in Frameworks */,
			);
			runOnlyForDeploymentPostprocessing = 0;
		};
		88CFD41126136D3B0090B26A /* Frameworks */ = {
			isa = PBXFrameworksBuildPhase;
			buildActionMask = 2147483647;
			files = (
				3C844216118303DCCAC8350E /* Alamofire in Frameworks */,
			);
			runOnlyForDeploymentPostprocessing = 0;
		};
		88CFD41C26136D3B0090B26A /* Frameworks */ = {
			isa = PBXFrameworksBuildPhase;
			buildActionMask = 2147483647;
			files = (
			);
			runOnlyForDeploymentPostprocessing = 0;
		};
		9092A8A7F55EA27D79CFE158 /* Frameworks */ = {
			isa = PBXFrameworksBuildPhase;
			buildActionMask = 2147483647;
			files = (
				684F6BCFCFBDDB16075ADDF9 /* Foundation.framework in Frameworks */,
				B6AF373D321EFE33CB0E743B /* Alamofire in Frameworks */,
				F964845AD67EE6F5542A52A7 /* SnapKit in Frameworks */,
				41CF4BF451A851BA434C66B5 /* Algorithms in Frameworks */,
			);
			runOnlyForDeploymentPostprocessing = 0;
		};
/* End PBXFrameworksBuildPhase section */

/* Begin PBXGroup section */
		077E2D03C798BAACF1D4AA92 /* Services */ = {
			isa = PBXGroup;
			children = (
				661C87988D524D16C5AC9B64 /* FactsServiceTests.swift */,
			);
			path = Services;
			sourceTree = "<group>";
		};
		126E10C823ED401C8A1B4203 /* Components */ = {
			isa = PBXGroup;
			children = (
				126E10C823ED401C8A1B4202 /* FactStatusView.swift */,
			);
			path = Components;
			sourceTree = "<group>";
		};
		1D7331078205444AB2D18405 /* PreviewSupport */ = {
			isa = PBXGroup;
			children = (
				1D7331078205444AB2D18404 /* PreviewAppDependencies.swift */,
				4FFFD5AB3C91B9A333391E95 /* FactsServiceStub.swift */,
				A91F90C9230B400A00000006 /* LocalizedPreview.swift */,
			);
			path = PreviewSupport;
			sourceTree = "<group>";
		};
		1D7331078205444AB2D18408 /* Fixtures */ = {
			isa = PBXGroup;
			children = (
				1D7331078205444AB2D18407 /* CatFactFixtures.swift */,
			);
			path = Fixtures;
			sourceTree = "<group>";
		};
		3B32EEDE3C811A418DF08EF4 /* Fixtures */ = {
			isa = PBXGroup;
			children = (
				680BE011C6F9FC8F4F8F0DF1 /* FactsResponse.json */,
			);
			path = Fixtures;
			sourceTree = "<group>";
		};
		40ACF38C755C0411B03E9A89 /* Navigation */ = {
			isa = PBXGroup;
			children = (
				7E735E3245F20134DC7C8B90 /* Coordinator.swift */,
				5822B82321A3032EC8AE300E /* AppCoordinator.swift */,
			);
			path = Navigation;
			sourceTree = "<group>";
		};
		488F2A26070EA687305AE0CC /* Features */ = {
			isa = PBXGroup;
			children = (
				683348EEC407DAF5FD6BD619 /* FactsListViewModelTests.swift */,
			);
			path = Features;
			sourceTree = "<group>";
		};
		4AFBBCC4CE1482619819A05C /* Models */ = {
			isa = PBXGroup;
			children = (
				49A709C652B8FDE7BCAB6630 /* CatFact.swift */,
			);
			path = Models;
			sourceTree = "<group>";
		};
		4FE267A43CDE4C689F05D052 /* Models */ = {
			isa = PBXGroup;
			children = (
				E292C1136A024EDBB7E617E0 /* CatFactTests.swift */,
			);
			path = Models;
			sourceTree = "<group>";
		};
		5DA7FF2352DD7DBE0AA1DF08 /* Frameworks */ = {
			isa = PBXGroup;
			children = (
				E0E4E467BA69CCD125797C98 /* Pods_CatFacts.framework */,
				AAAED0BC7C17A90DEF14F3C5 /* iOS */,
			);
			name = Frameworks;
			sourceTree = "<group>";
		};
		605A518B70FC501FA0353E51 /* CatFactsUITestHost */ = {
			isa = PBXGroup;
			children = (
				886EAE804971716EA2CB4A23 /* UITestSceneDelegate.swift */,
			);
			path = CatFactsUITestHost;
			sourceTree = "<group>";
		};
		6587DC5DAB9E55108B0E753A /* Networking */ = {
			isa = PBXGroup;
			children = (
				95A42C4618DDF75A9EC236A7 /* HTTPClientProtocol.swift */,
				19D0999FE693702787BE08D7 /* HTTPClientError.swift */,
				DCC372C68B0747C96D5DFF2A /* AlamofireHTTPClient.swift */,
			);
			path = Networking;
			sourceTree = "<group>";
		};
		6B07DD196402858D86956C8E /* FactDetails */ = {
			isa = PBXGroup;
			children = (
				CD088A7F328D611ED5E2403B /* FactDetailsViewModel.swift */,
				2B47CF668E178AEA2BDB172B /* FactDetailsViewController.swift */,
				B0274C761EEFED16B721A4EB /* FactDetailsView.swift */,
			);
			path = FactDetails;
			sourceTree = "<group>";
		};
		6EE5915757369D949319A849 /* Cells */ = {
			isa = PBXGroup;
			children = (
				CB870C2A05EEC588E87FA8D4 /* FactCell.swift */,
			);
			path = Cells;
			sourceTree = "<group>";
		};
		819B18A718D6D135CE00C2F0 /* Networking */ = {
			isa = PBXGroup;
			children = (
				59D285AF09722E34400F605A /* AlamofireHTTPClientTests.swift */,
			);
			path = Networking;
			sourceTree = "<group>";
		};
		88CFD3F526136D370090B26A = {
			isa = PBXGroup;
			children = (
				88CFD40026136D370090B26A /* CatFacts */,
				88CFD41726136D3B0090B26A /* CatFactsTests */,
				88CFD42226136D3B0090B26A /* CatFactsUITests */,
				88CFD3FF26136D370090B26A /* Products */,
				5DA7FF2352DD7DBE0AA1DF08 /* Frameworks */,
				605A518B70FC501FA0353E51 /* CatFactsUITestHost */,
			);
			sourceTree = "<group>";
		};
		88CFD3FF26136D370090B26A /* Products */ = {
			isa = PBXGroup;
			children = (
				88CFD3FE26136D370090B26A /* CatFacts.app */,
				88CFD41426136D3B0090B26A /* CatFactsTests.xctest */,
				88CFD41F26136D3B0090B26A /* CatFactsUITests.xctest */,
				566142F65DBE2C4219367DEB /* CatFactsUITestHost.app */,
			);
			name = Products;
			sourceTree = "<group>";
		};
		88CFD40026136D370090B26A /* CatFacts */ = {
			isa = PBXGroup;
			children = (
				88CFD40126136D370090B26A /* AppDelegate.swift */,
				88CFD40326136D370090B26A /* SceneDelegate.swift */,
				88CFD40A26136D3A0090B26A /* Assets.xcassets */,
				88CFD40C26136D3A0090B26A /* LaunchScreen.storyboard */,
				88CFD40F26136D3A0090B26A /* Info.plist */,
				40ACF38C755C0411B03E9A89 /* Navigation */,
				8EE06421C0B9510FB522AED5 /* Features */,
				126E10C823ED401C8A1B4203 /* Components */,
				A91F90C9230B400A00000003 /* Localization */,
				6587DC5DAB9E55108B0E753A /* Networking */,
				4AFBBCC4CE1482619819A05C /* Models */,
				D2768673B7590F759D588FE4 /* Services */,
				88D0B4595C1297878A07F44D /* Dependencies */,
				1D7331078205444AB2D18405 /* PreviewSupport */,
				1D7331078205444AB2D18408 /* Fixtures */,
				B0660F038894196A43EE9879 /* Configuration */,
			);
			path = CatFacts;
			sourceTree = "<group>";
		};
		88CFD41726136D3B0090B26A /* CatFactsTests */ = {
			isa = PBXGroup;
			children = (
				88CFD41A26136D3B0090B26A /* Info.plist */,
				A91F90C9230B400A0000000A /* Localization */,
				819B18A718D6D135CE00C2F0 /* Networking */,
				077E2D03C798BAACF1D4AA92 /* Services */,
				3B32EEDE3C811A418DF08EF4 /* Fixtures */,
				488F2A26070EA687305AE0CC /* Features */,
				4FE267A43CDE4C689F05D052 /* Models */,
			);
			path = CatFactsTests;
			sourceTree = "<group>";
		};
		88CFD42226136D3B0090B26A /* CatFactsUITests */ = {
			isa = PBXGroup;
			children = (
				88CFD42326136D3B0090B26A /* CatFactsUITests.swift */,
				88CFD42526136D3B0090B26A /* Info.plist */,
			);
			path = CatFactsUITests;
			sourceTree = "<group>";
		};
		88D0B4595C1297878A07F44D /* Dependencies */ = {
			isa = PBXGroup;
			children = (
				C0C4109F7C33087442260F34 /* AppDependencies.swift */,
				1D7331078205444AB2D18402 /* AppDependenciesProtocol.swift */,
				7513DD4D4553EFBF0FA510F6 /* ScreenFactoryProtocol.swift */,
				6FFD45089F726F72C64B7CDA /* ScreenFactory.swift */,
			);
			path = Dependencies;
			sourceTree = "<group>";
		};
		8EE06421C0B9510FB522AED5 /* Features */ = {
			isa = PBXGroup;
			children = (
				F904F6AA97E51E7396EC5EAE /* FactsList */,
				6B07DD196402858D86956C8E /* FactDetails */,
			);
			path = Features;
			sourceTree = "<group>";
		};
		906EC86CACBE5D619D088E63 /* Facts */ = {
			isa = PBXGroup;
			children = (
				DC8E896F78FC5B6B4129BB2C /* FactsServiceProtocol.swift */,
				35D34FC519BE7F5511044ACE /* FactsServiceError.swift */,
				985551D32B17E426589BFFF6 /* CatFactDTO.swift */,
				41189B09B0616091E83498EE /* FactsService.swift */,
			);
			path = Facts;
			sourceTree = "<group>";
		};
		A91F90C9230B400A00000003 /* Localization */ = {
			isa = PBXGroup;
			children = (
				A91F90C9230B400A00000001 /* Localization.swift */,
				A91F90C9230B400A00000004 /* Localizable.strings */,
			);
			path = Localization;
			sourceTree = "<group>";
		};
		A91F90C9230B400A0000000A /* Localization */ = {
			isa = PBXGroup;
			children = (
				A91F90C9230B400A00000008 /* LocalizationTests.swift */,
			);
			path = Localization;
			sourceTree = "<group>";
		};
		AAAED0BC7C17A90DEF14F3C5 /* iOS */ = {
			isa = PBXGroup;
			children = (
				30296A69A767F75323BCFE98 /* Foundation.framework */,
			);
			name = iOS;
			sourceTree = "<group>";
		};
		B0660F038894196A43EE9879 /* Configuration */ = {
			isa = PBXGroup;
			children = (
				FA8160D309B9CEBA688A2A13 /* AppEnvironment.swift */,
			);
			path = Configuration;
			sourceTree = "<group>";
		};
		D2768673B7590F759D588FE4 /* Services */ = {
			isa = PBXGroup;
			children = (
				906EC86CACBE5D619D088E63 /* Facts */,
			);
			path = Services;
			sourceTree = "<group>";
		};
		F904F6AA97E51E7396EC5EAE /* FactsList */ = {
			isa = PBXGroup;
			children = (
				6EE5915757369D949319A849 /* Cells */,
				540DA5E9AE645AA09FBD31D1 /* FactsListViewModel.swift */,
				FE86A26FC1ADBB677AE0C728 /* FactsListViewController.swift */,
				8C95009653714DCF92638A02 /* FactsListCollectionViewController.swift */,
				8C95009653714DCF92638A04 /* FactsListLegacyViewController.swift */,
			);
			path = FactsList;
			sourceTree = "<group>";
		};
/* End PBXGroup section */

/* Begin PBXNativeTarget section */
		5D605F035ABB5903200201FA /* CatFactsUITestHost */ = {
			isa = PBXNativeTarget;
			buildConfigurationList = 58A7AC807B6EF5F8E9763DF1 /* Build configuration list for PBXNativeTarget "CatFactsUITestHost" */;
			buildPhases = (
				3294156FA37258887A0DB637 /* Sources */,
				9092A8A7F55EA27D79CFE158 /* Frameworks */,
				68243FB05DF5D43484D3ABFD /* Resources */,
			);
			buildRules = (
			);
			dependencies = (
			);
			name = CatFactsUITestHost;
			packageProductDependencies = (
				D59EE6433062EDAE00947FA5 /* Alamofire */,
				8EAB889AF8FADB095841DAAA /* SnapKit */,
				03CA158A17954828B7D04702 /* Algorithms */,
			);
			productName = CatFactsUITestHost;
			productReference = 566142F65DBE2C4219367DEB /* CatFactsUITestHost.app */;
			productType = "com.apple.product-type.application";
		};
		88CFD3FD26136D370090B26A /* CatFacts */ = {
			isa = PBXNativeTarget;
			buildConfigurationList = 88CFD42826136D3B0090B26A /* Build configuration list for PBXNativeTarget "CatFacts" */;
			buildPhases = (
				88CFD3FA26136D370090B26A /* Sources */,
				88CFD3FB26136D370090B26A /* Frameworks */,
				88CFD3FC26136D370090B26A /* Resources */,
			);
			buildRules = (
			);
			dependencies = (
			);
			name = CatFacts;
			packageProductDependencies = (
				D59EE6433062EDAE00947FA5 /* Alamofire */,
				8EAB889AF8FADB095841DAAA /* SnapKit */,
				03CA158A17954828B7D04702 /* Algorithms */,
			);
			productName = CatFacts;
			productReference = 88CFD3FE26136D370090B26A /* CatFacts.app */;
			productType = "com.apple.product-type.application";
		};
		88CFD41326136D3B0090B26A /* CatFactsTests */ = {
			isa = PBXNativeTarget;
			buildConfigurationList = 88CFD42B26136D3B0090B26A /* Build configuration list for PBXNativeTarget "CatFactsTests" */;
			buildPhases = (
				88CFD41026136D3B0090B26A /* Sources */,
				88CFD41126136D3B0090B26A /* Frameworks */,
				88CFD41226136D3B0090B26A /* Resources */,
			);
			buildRules = (
			);
			dependencies = (
				88CFD41626136D3B0090B26A /* PBXTargetDependency */,
			);
			name = CatFactsTests;
			packageProductDependencies = (
				D59EE6433062EDAE00947FA5 /* Alamofire */,
			);
			productName = CatFactsTests;
			productReference = 88CFD41426136D3B0090B26A /* CatFactsTests.xctest */;
			productType = "com.apple.product-type.bundle.unit-test";
		};
		88CFD41E26136D3B0090B26A /* CatFactsUITests */ = {
			isa = PBXNativeTarget;
			buildConfigurationList = 88CFD42E26136D3B0090B26A /* Build configuration list for PBXNativeTarget "CatFactsUITests" */;
			buildPhases = (
				88CFD41B26136D3B0090B26A /* Sources */,
				88CFD41C26136D3B0090B26A /* Frameworks */,
				88CFD41D26136D3B0090B26A /* Resources */,
			);
			buildRules = (
			);
			dependencies = (
				47D20F30927BC211418902F9 /* PBXTargetDependency */,
			);
			name = CatFactsUITests;
			productName = CatFactsUITests;
			productReference = 88CFD41F26136D3B0090B26A /* CatFactsUITests.xctest */;
			productType = "com.apple.product-type.bundle.ui-testing";
		};
/* End PBXNativeTarget section */

/* Begin PBXProject section */
		88CFD3F626136D370090B26A /* Project object */ = {
			isa = PBXProject;
			attributes = {
				LastSwiftUpdateCheck = 1240;
				LastUpgradeCheck = 1240;
				TargetAttributes = {
					88CFD3FD26136D370090B26A = {
						CreatedOnToolsVersion = 12.4;
					};
					88CFD41326136D3B0090B26A = {
						CreatedOnToolsVersion = 12.4;
						TestTargetID = 88CFD3FD26136D370090B26A;
					};
					88CFD41E26136D3B0090B26A = {
						CreatedOnToolsVersion = 12.4;
						TestTargetID = 5D605F035ABB5903200201FA;
					};
				};
			};
			buildConfigurationList = 88CFD3F926136D370090B26A /* Build configuration list for PBXProject "CatFacts" */;
			compatibilityVersion = "Xcode 9.3";
			developmentRegion = en;
			hasScannedForEncodings = 0;
			knownRegions = (
				en,
				Base,
				es,
				fr,
				de,
				"pt-BR",
				ru,
				ar,
				hi,
				"zh-Hans",
				ja,
			);
			mainGroup = 88CFD3F526136D370090B26A;
			packageReferences = (
				D59EE6473062F0D200947FA5 /* XCRemoteSwiftPackageReference "alamofire" */,
				76B74BC92725A5D467D288B8 /* XCRemoteSwiftPackageReference "SnapKit" */,
				D59EE64830652AFC00947FA5 /* XCRemoteSwiftPackageReference "swift-algorithms" */,
			);
			productRefGroup = 88CFD3FF26136D370090B26A /* Products */;
			projectDirPath = "";
			projectRoot = "";
			targets = (
				88CFD3FD26136D370090B26A /* CatFacts */,
				88CFD41326136D3B0090B26A /* CatFactsTests */,
				88CFD41E26136D3B0090B26A /* CatFactsUITests */,
				5D605F035ABB5903200201FA /* CatFactsUITestHost */,
			);
		};
/* End PBXProject section */

/* Begin PBXResourcesBuildPhase section */
		68243FB05DF5D43484D3ABFD /* Resources */ = {
			isa = PBXResourcesBuildPhase;
			buildActionMask = 2147483647;
			files = (
				82DF34BA315B0C94A19DFF13 /* LaunchScreen.storyboard in Resources */,
				84334E8817CE7959E2E9996E /* Localizable.strings in Resources */,
				87CC276667E2F5923BBA659D /* Assets.xcassets in Resources */,
			);
			runOnlyForDeploymentPostprocessing = 0;
		};
		88CFD3FC26136D370090B26A /* Resources */ = {
			isa = PBXResourcesBuildPhase;
			buildActionMask = 2147483647;
			files = (
				88CFD40E26136D3A0090B26A /* LaunchScreen.storyboard in Resources */,
				A91F90C9230B400A00000005 /* Localizable.strings in Resources */,
				88CFD40B26136D3A0090B26A /* Assets.xcassets in Resources */,
			);
			runOnlyForDeploymentPostprocessing = 0;
		};
		88CFD41226136D3B0090B26A /* Resources */ = {
			isa = PBXResourcesBuildPhase;
			buildActionMask = 2147483647;
			files = (
				D6D2F1F4A3389A12BAAE326D /* FactsResponse.json in Resources */,
			);
			runOnlyForDeploymentPostprocessing = 0;
		};
		88CFD41D26136D3B0090B26A /* Resources */ = {
			isa = PBXResourcesBuildPhase;
			buildActionMask = 2147483647;
			files = (
			);
			runOnlyForDeploymentPostprocessing = 0;
		};
/* End PBXResourcesBuildPhase section */

/* Begin PBXSourcesBuildPhase section */
		3294156FA37258887A0DB637 /* Sources */ = {
			isa = PBXSourcesBuildPhase;
			buildActionMask = 2147483647;
			files = (
				27736AD0CF02B77921AB459F /* AppDelegate.swift in Sources */,
				2592253372E16059F95738D6 /* Coordinator.swift in Sources */,
				09046AFD5142175BB73E335F /* AppCoordinator.swift in Sources */,
				9A62E9116AD18098A4CA2F0B /* FactsListViewModel.swift in Sources */,
				15BABB5CBAC6CBF0B31B55C3 /* FactsListViewController.swift in Sources */,
				F154B69EA1A10C4311DE107A /* FactsListCollectionViewController.swift in Sources */,
				D07ADDDD90BB07F1A56CA2D4 /* FactsListLegacyViewController.swift in Sources */,
				AB8CE5686A3BA8A52BE6C31D /* FactCell.swift in Sources */,
				F9EAE058485B32115D4C860B /* FactStatusView.swift in Sources */,
				FDABB3EF53EE034CA95B5BAF /* Localization.swift in Sources */,
				EE573A410E617DC43B21284C /* LocalizedPreview.swift in Sources */,
				9021E08D412E1FB310E1A4D4 /* FactDetailsViewModel.swift in Sources */,
				622CBF976639B41BF85D5233 /* FactDetailsViewController.swift in Sources */,
				F576235426C90BD68D94FB0E /* FactDetailsView.swift in Sources */,
				CB4CFCDD9CF16FF03CE2DC5E /* HTTPClientProtocol.swift in Sources */,
				4A06270C7F96B034450AE3F2 /* HTTPClientError.swift in Sources */,
				747AC97CA6A7DCED3AC0D092 /* AlamofireHTTPClient.swift in Sources */,
				243ED0D703EA4B21DDA1128A /* CatFact.swift in Sources */,
				2A11E491E66C758022E09D47 /* FactsServiceProtocol.swift in Sources */,
				AC8ED5D06D2AC845AB2B69FE /* FactsServiceError.swift in Sources */,
				F23B37CA9AC60507F0305729 /* CatFactDTO.swift in Sources */,
				CCDB5E8379B17EBD9ABF0F76 /* FactsService.swift in Sources */,
				82140ACBC6E2FFD828641462 /* AppDependencies.swift in Sources */,
				A5AA10B6201092A90FB93FAA /* AppDependenciesProtocol.swift in Sources */,
				BCF58061AF72EA707555D722 /* PreviewAppDependencies.swift in Sources */,
				2EFAB75A10B5797E66FF86E7 /* CatFactFixtures.swift in Sources */,
				19F9445F2B93FCC75B333416 /* ScreenFactoryProtocol.swift in Sources */,
				5A48E4116103F942D8A35A11 /* ScreenFactory.swift in Sources */,
				AAC5A98C76549AFC8575ECBD /* AppEnvironment.swift in Sources */,
				C0EED2CA1D2086B03D5A6438 /* FactsServiceStub.swift in Sources */,
				F9E6055487FF9B427909F4EC /* UITestSceneDelegate.swift in Sources */,
			);
			runOnlyForDeploymentPostprocessing = 0;
		};
		88CFD3FA26136D370090B26A /* Sources */ = {
			isa = PBXSourcesBuildPhase;
			buildActionMask = 2147483647;
			files = (
				88CFD40226136D370090B26A /* AppDelegate.swift in Sources */,
				88CFD40426136D370090B26A /* SceneDelegate.swift in Sources */,
				1A37400C368F4BAC1452E540 /* Coordinator.swift in Sources */,
				F2BD28D6AEB6207BB9DDE5CE /* AppCoordinator.swift in Sources */,
				52E7EF3910AB3D903D706E8D /* FactsListViewModel.swift in Sources */,
				722BC311EEB4AA6E5C60EC3A /* FactsListViewController.swift in Sources */,
				8C95009653714DCF92638A01 /* FactsListCollectionViewController.swift in Sources */,
				8C95009653714DCF92638A03 /* FactsListLegacyViewController.swift in Sources */,
				E7EF31758CE9868B1E224006 /* FactCell.swift in Sources */,
				126E10C823ED401C8A1B4201 /* FactStatusView.swift in Sources */,
				A91F90C9230B400A00000002 /* Localization.swift in Sources */,
				A91F90C9230B400A00000007 /* LocalizedPreview.swift in Sources */,
				B64C5D825F4C94E2427AD6CE /* FactDetailsViewModel.swift in Sources */,
				9A8DA7275D793ECDF414140E /* FactDetailsViewController.swift in Sources */,
				368907CB972EDBD1C5DBFA4E /* FactDetailsView.swift in Sources */,
				C370E8E02498B4DEB0389E3D /* HTTPClientProtocol.swift in Sources */,
				8411AC9D8143E90F73DE060A /* HTTPClientError.swift in Sources */,
				9D187435FAE21F871A00E90B /* AlamofireHTTPClient.swift in Sources */,
				B856B28E0C8C35329533F4AC /* CatFact.swift in Sources */,
				5384ACCCDD0A26C35A979A9C /* FactsServiceProtocol.swift in Sources */,
				DCA4AA1802C2443833D9A450 /* FactsServiceError.swift in Sources */,
				B8A6AC78B119878260CE332C /* CatFactDTO.swift in Sources */,
				05FE59B0FBE654BB331E5C31 /* FactsService.swift in Sources */,
				1C7F56F6255C76292D865076 /* AppDependencies.swift in Sources */,
				1D7331078205444AB2D18401 /* AppDependenciesProtocol.swift in Sources */,
				1D7331078205444AB2D18403 /* PreviewAppDependencies.swift in Sources */,
				1D7331078205444AB2D18406 /* CatFactFixtures.swift in Sources */,
				AC648FE40D2D38B16DBEBA62 /* ScreenFactoryProtocol.swift in Sources */,
				3E41E06CF4E3ABBAD73B6F62 /* ScreenFactory.swift in Sources */,
				409776DA26670F5D37DE2F93 /* AppEnvironment.swift in Sources */,
				C50D3196E1BED1DFBC37ECA7 /* FactsServiceStub.swift in Sources */,
			);
			runOnlyForDeploymentPostprocessing = 0;
		};
		88CFD41026136D3B0090B26A /* Sources */ = {
			isa = PBXSourcesBuildPhase;
			buildActionMask = 2147483647;
			files = (
				95D19B91254169DC96FF66B1 /* AlamofireHTTPClientTests.swift in Sources */,
				156652BA6446CA1821CD834E /* FactsServiceTests.swift in Sources */,
				1C6B0E8D6CF995F6131BCC35 /* FactsListViewModelTests.swift in Sources */,
				F31B21E290D94639882D014A /* CatFactTests.swift in Sources */,
				A91F90C9230B400A00000009 /* LocalizationTests.swift in Sources */,
			);
			runOnlyForDeploymentPostprocessing = 0;
		};
		88CFD41B26136D3B0090B26A /* Sources */ = {
			isa = PBXSourcesBuildPhase;
			buildActionMask = 2147483647;
			files = (
				88CFD42426136D3B0090B26A /* CatFactsUITests.swift in Sources */,
			);
			runOnlyForDeploymentPostprocessing = 0;
		};
/* End PBXSourcesBuildPhase section */

/* Begin PBXTargetDependency section */
		47D20F30927BC211418902F9 /* PBXTargetDependency */ = {
			isa = PBXTargetDependency;
			name = CatFactsUITestHost;
			target = 5D605F035ABB5903200201FA /* CatFactsUITestHost */;
			targetProxy = 2AAA1818440231492D0812F9 /* PBXContainerItemProxy */;
		};
		88CFD41626136D3B0090B26A /* PBXTargetDependency */ = {
			isa = PBXTargetDependency;
			target = 88CFD3FD26136D370090B26A /* CatFacts */;
			targetProxy = 88CFD41526136D3B0090B26A /* PBXContainerItemProxy */;
		};
/* End PBXTargetDependency section */

/* Begin PBXVariantGroup section */
		88CFD40C26136D3A0090B26A /* LaunchScreen.storyboard */ = {
			isa = PBXVariantGroup;
			children = (
				88CFD40D26136D3A0090B26A /* Base */,
			);
			name = LaunchScreen.storyboard;
			sourceTree = "<group>";
		};
		A91F90C9230B400A00000004 /* Localizable.strings */ = {
			isa = PBXVariantGroup;
			children = (
				A91F90C9230B400A00000101 /* en */,
				A91F90C9230B400A00000102 /* es */,
				A91F90C9230B400A00000103 /* fr */,
				A91F90C9230B400A00000104 /* de */,
				A91F90C9230B400A00000105 /* pt-BR */,
				A91F90C9230B400A00000106 /* ru */,
				A91F90C9230B400A00000107 /* ar */,
				A91F90C9230B400A00000108 /* hi */,
				A91F90C9230B400A00000109 /* zh-Hans */,
				A91F90C9230B400A0000010A /* ja */,
			);
			name = Localizable.strings;
			sourceTree = "<group>";
		};
/* End PBXVariantGroup section */

/* Begin XCBuildConfiguration section */
		0E319F9CEBAA160391487BBD /* Debug */ = {
			isa = XCBuildConfiguration;
			buildSettings = {
				ASSETCATALOG_COMPILER_APPICON_NAME = AppIcon;
				ASSETCATALOG_COMPILER_GLOBAL_ACCENT_COLOR_NAME = AccentColor;
				CODE_SIGN_STYLE = Automatic;
				DEVELOPMENT_TEAM = 9XN4NB5VV8;
				INFOPLIST_FILE = CatFacts/Info.plist;
				LD_RUNPATH_SEARCH_PATHS = (
					"$(inherited)",
					"@executable_path/Frameworks",
				);
				PRODUCT_BUNDLE_IDENTIFIER = onfido.CatFactsUITestHost;
				PRODUCT_NAME = "$(TARGET_NAME)";
				SKIP_INSTALL = YES;
				SWIFT_ACTIVE_COMPILATION_CONDITIONS = "$(inherited) DEBUG";
				SWIFT_VERSION = 5.0;
				TARGETED_DEVICE_FAMILY = "1,2";
			};
			name = Debug;
		};
		0EED988D9E7BD81FBADD3960 /* Release */ = {
			isa = XCBuildConfiguration;
			buildSettings = {
				ASSETCATALOG_COMPILER_APPICON_NAME = AppIcon;
				ASSETCATALOG_COMPILER_GLOBAL_ACCENT_COLOR_NAME = AccentColor;
				CODE_SIGN_STYLE = Automatic;
				DEVELOPMENT_TEAM = 9XN4NB5VV8;
				INFOPLIST_FILE = CatFacts/Info.plist;
				LD_RUNPATH_SEARCH_PATHS = (
					"$(inherited)",
					"@executable_path/Frameworks",
				);
				PRODUCT_BUNDLE_IDENTIFIER = onfido.CatFactsUITestHost;
				PRODUCT_NAME = "$(TARGET_NAME)";
				SKIP_INSTALL = YES;
				SWIFT_ACTIVE_COMPILATION_CONDITIONS = "$(inherited) DEBUG";
				SWIFT_VERSION = 5.0;
				TARGETED_DEVICE_FAMILY = "1,2";
			};
			name = Release;
		};
		88CFD42626136D3B0090B26A /* Debug */ = {
			isa = XCBuildConfiguration;
			buildSettings = {
				ALWAYS_SEARCH_USER_PATHS = NO;
				CLANG_ANALYZER_NONNULL = YES;
				CLANG_ANALYZER_NUMBER_OBJECT_CONVERSION = YES_AGGRESSIVE;
				CLANG_CXX_LANGUAGE_STANDARD = "gnu++14";
				CLANG_CXX_LIBRARY = "libc++";
				CLANG_ENABLE_MODULES = YES;
				CLANG_ENABLE_OBJC_ARC = YES;
				CLANG_ENABLE_OBJC_WEAK = YES;
				CLANG_WARN_BLOCK_CAPTURE_AUTORELEASING = YES;
				CLANG_WARN_BOOL_CONVERSION = YES;
				CLANG_WARN_COMMA = YES;
				CLANG_WARN_CONSTANT_CONVERSION = YES;
				CLANG_WARN_DEPRECATED_OBJC_IMPLEMENTATIONS = YES;
				CLANG_WARN_DIRECT_OBJC_ISA_USAGE = YES_ERROR;
				CLANG_WARN_DOCUMENTATION_COMMENTS = YES;
				CLANG_WARN_EMPTY_BODY = YES;
				CLANG_WARN_ENUM_CONVERSION = YES;
				CLANG_WARN_INFINITE_RECURSION = YES;
				CLANG_WARN_INT_CONVERSION = YES;
				CLANG_WARN_NON_LITERAL_NULL_CONVERSION = YES;
				CLANG_WARN_OBJC_IMPLICIT_RETAIN_SELF = YES;
				CLANG_WARN_OBJC_LITERAL_CONVERSION = YES;
				CLANG_WARN_OBJC_ROOT_CLASS = YES_ERROR;
				CLANG_WARN_QUOTED_INCLUDE_IN_FRAMEWORK_HEADER = YES;
				CLANG_WARN_RANGE_LOOP_ANALYSIS = YES;
				CLANG_WARN_STRICT_PROTOTYPES = YES;
				CLANG_WARN_SUSPICIOUS_MOVE = YES;
				CLANG_WARN_UNGUARDED_AVAILABILITY = YES_AGGRESSIVE;
				CLANG_WARN_UNREACHABLE_CODE = YES;
				CLANG_WARN__DUPLICATE_METHOD_MATCH = YES;
				COPY_PHASE_STRIP = NO;
				DEBUG_INFORMATION_FORMAT = dwarf;
				ENABLE_STRICT_OBJC_MSGSEND = YES;
				ENABLE_TESTABILITY = YES;
				GCC_C_LANGUAGE_STANDARD = gnu11;
				GCC_DYNAMIC_NO_PIC = NO;
				GCC_NO_COMMON_BLOCKS = YES;
				GCC_OPTIMIZATION_LEVEL = 0;
				GCC_PREPROCESSOR_DEFINITIONS = (
					"DEBUG=1",
					"$(inherited)",
				);
				GCC_WARN_64_TO_32_BIT_CONVERSION = YES;
				GCC_WARN_ABOUT_RETURN_TYPE = YES_ERROR;
				GCC_WARN_UNDECLARED_SELECTOR = YES;
				GCC_WARN_UNINITIALIZED_AUTOS = YES_AGGRESSIVE;
				GCC_WARN_UNUSED_FUNCTION = YES;
				GCC_WARN_UNUSED_VARIABLE = YES;
				IPHONEOS_DEPLOYMENT_TARGET = 14.4;
				MTL_ENABLE_DEBUG_INFO = INCLUDE_SOURCE;
				MTL_FAST_MATH = YES;
				ONLY_ACTIVE_ARCH = YES;
				SDKROOT = iphoneos;
				SWIFT_ACTIVE_COMPILATION_CONDITIONS = DEBUG;
				SWIFT_OPTIMIZATION_LEVEL = "-Onone";
			};
			name = Debug;
		};
		88CFD42726136D3B0090B26A /* Release */ = {
			isa = XCBuildConfiguration;
			buildSettings = {
				ALWAYS_SEARCH_USER_PATHS = NO;
				CLANG_ANALYZER_NONNULL = YES;
				CLANG_ANALYZER_NUMBER_OBJECT_CONVERSION = YES_AGGRESSIVE;
				CLANG_CXX_LANGUAGE_STANDARD = "gnu++14";
				CLANG_CXX_LIBRARY = "libc++";
				CLANG_ENABLE_MODULES = YES;
				CLANG_ENABLE_OBJC_ARC = YES;
				CLANG_ENABLE_OBJC_WEAK = YES;
				CLANG_WARN_BLOCK_CAPTURE_AUTORELEASING = YES;
				CLANG_WARN_BOOL_CONVERSION = YES;
				CLANG_WARN_COMMA = YES;
				CLANG_WARN_CONSTANT_CONVERSION = YES;
				CLANG_WARN_DEPRECATED_OBJC_IMPLEMENTATIONS = YES;
				CLANG_WARN_DIRECT_OBJC_ISA_USAGE = YES_ERROR;
				CLANG_WARN_DOCUMENTATION_COMMENTS = YES;
				CLANG_WARN_EMPTY_BODY = YES;
				CLANG_WARN_ENUM_CONVERSION = YES;
				CLANG_WARN_INFINITE_RECURSION = YES;
				CLANG_WARN_INT_CONVERSION = YES;
				CLANG_WARN_NON_LITERAL_NULL_CONVERSION = YES;
				CLANG_WARN_OBJC_IMPLICIT_RETAIN_SELF = YES;
				CLANG_WARN_OBJC_LITERAL_CONVERSION = YES;
				CLANG_WARN_OBJC_ROOT_CLASS = YES_ERROR;
				CLANG_WARN_QUOTED_INCLUDE_IN_FRAMEWORK_HEADER = YES;
				CLANG_WARN_RANGE_LOOP_ANALYSIS = YES;
				CLANG_WARN_STRICT_PROTOTYPES = YES;
				CLANG_WARN_SUSPICIOUS_MOVE = YES;
				CLANG_WARN_UNGUARDED_AVAILABILITY = YES_AGGRESSIVE;
				CLANG_WARN_UNREACHABLE_CODE = YES;
				CLANG_WARN__DUPLICATE_METHOD_MATCH = YES;
				COPY_PHASE_STRIP = NO;
				DEBUG_INFORMATION_FORMAT = "dwarf-with-dsym";
				ENABLE_NS_ASSERTIONS = NO;
				ENABLE_STRICT_OBJC_MSGSEND = YES;
				GCC_C_LANGUAGE_STANDARD = gnu11;
				GCC_NO_COMMON_BLOCKS = YES;
				GCC_WARN_64_TO_32_BIT_CONVERSION = YES;
				GCC_WARN_ABOUT_RETURN_TYPE = YES_ERROR;
				GCC_WARN_UNDECLARED_SELECTOR = YES;
				GCC_WARN_UNINITIALIZED_AUTOS = YES_AGGRESSIVE;
				GCC_WARN_UNUSED_FUNCTION = YES;
				GCC_WARN_UNUSED_VARIABLE = YES;
				IPHONEOS_DEPLOYMENT_TARGET = 14.4;
				MTL_ENABLE_DEBUG_INFO = NO;
				MTL_FAST_MATH = YES;
				SDKROOT = iphoneos;
				SWIFT_COMPILATION_MODE = wholemodule;
				SWIFT_OPTIMIZATION_LEVEL = "-O";
				VALIDATE_PRODUCT = YES;
			};
			name = Release;
		};
		88CFD42926136D3B0090B26A /* Debug */ = {
			isa = XCBuildConfiguration;
			buildSettings = {
				ASSETCATALOG_COMPILER_APPICON_NAME = AppIcon;
				ASSETCATALOG_COMPILER_GLOBAL_ACCENT_COLOR_NAME = AccentColor;
				CODE_SIGN_STYLE = Automatic;
				DEVELOPMENT_TEAM = 9XN4NB5VV8;
				INFOPLIST_FILE = CatFacts/Info.plist;
				LD_RUNPATH_SEARCH_PATHS = (
					"$(inherited)",
					"@executable_path/Frameworks",
				);
				PRODUCT_BUNDLE_IDENTIFIER = onfido.CatFacts;
				PRODUCT_NAME = "$(TARGET_NAME)";
				SWIFT_VERSION = 5.0;
				TARGETED_DEVICE_FAMILY = "1,2";
			};
			name = Debug;
		};
		88CFD42A26136D3B0090B26A /* Release */ = {
			isa = XCBuildConfiguration;
			buildSettings = {
				ASSETCATALOG_COMPILER_APPICON_NAME = AppIcon;
				ASSETCATALOG_COMPILER_GLOBAL_ACCENT_COLOR_NAME = AccentColor;
				CODE_SIGN_STYLE = Automatic;
				DEVELOPMENT_TEAM = 9XN4NB5VV8;
				INFOPLIST_FILE = CatFacts/Info.plist;
				LD_RUNPATH_SEARCH_PATHS = (
					"$(inherited)",
					"@executable_path/Frameworks",
				);
				PRODUCT_BUNDLE_IDENTIFIER = onfido.CatFacts;
				PRODUCT_NAME = "$(TARGET_NAME)";
				SWIFT_VERSION = 5.0;
				TARGETED_DEVICE_FAMILY = "1,2";
			};
			name = Release;
		};
		88CFD42C26136D3B0090B26A /* Debug */ = {
			isa = XCBuildConfiguration;
			buildSettings = {
				ALWAYS_EMBED_SWIFT_STANDARD_LIBRARIES = YES;
				BUNDLE_LOADER = "$(TEST_HOST)";
				CODE_SIGN_STYLE = Automatic;
				INFOPLIST_FILE = CatFactsTests/Info.plist;
				IPHONEOS_DEPLOYMENT_TARGET = 14.4;
				LD_RUNPATH_SEARCH_PATHS = (
					"$(inherited)",
					"@executable_path/Frameworks",
					"@loader_path/Frameworks",
				);
				PRODUCT_BUNDLE_IDENTIFIER = onfido.CatFactsTests;
				PRODUCT_NAME = "$(TARGET_NAME)";
				SWIFT_VERSION = 5.0;
				TARGETED_DEVICE_FAMILY = "1,2";
				TEST_HOST = "$(BUILT_PRODUCTS_DIR)/CatFacts.app/CatFacts";
			};
			name = Debug;
		};
		88CFD42D26136D3B0090B26A /* Release */ = {
			isa = XCBuildConfiguration;
			buildSettings = {
				ALWAYS_EMBED_SWIFT_STANDARD_LIBRARIES = YES;
				BUNDLE_LOADER = "$(TEST_HOST)";
				CODE_SIGN_STYLE = Automatic;
				INFOPLIST_FILE = CatFactsTests/Info.plist;
				IPHONEOS_DEPLOYMENT_TARGET = 14.4;
				LD_RUNPATH_SEARCH_PATHS = (
					"$(inherited)",
					"@executable_path/Frameworks",
					"@loader_path/Frameworks",
				);
				PRODUCT_BUNDLE_IDENTIFIER = onfido.CatFactsTests;
				PRODUCT_NAME = "$(TARGET_NAME)";
				SWIFT_VERSION = 5.0;
				TARGETED_DEVICE_FAMILY = "1,2";
				TEST_HOST = "$(BUILT_PRODUCTS_DIR)/CatFacts.app/CatFacts";
			};
			name = Release;
		};
		88CFD42F26136D3B0090B26A /* Debug */ = {
			isa = XCBuildConfiguration;
			buildSettings = {
				ALWAYS_EMBED_SWIFT_STANDARD_LIBRARIES = YES;
				CODE_SIGN_STYLE = Automatic;
				INFOPLIST_FILE = CatFactsUITests/Info.plist;
				LD_RUNPATH_SEARCH_PATHS = (
					"$(inherited)",
					"@executable_path/Frameworks",
					"@loader_path/Frameworks",
				);
				PRODUCT_BUNDLE_IDENTIFIER = onfido.CatFactsUITests;
				PRODUCT_NAME = "$(TARGET_NAME)";
				SWIFT_VERSION = 5.0;
				TARGETED_DEVICE_FAMILY = "1,2";
				TEST_TARGET_NAME = CatFactsUITestHost;
			};
			name = Debug;
		};
		88CFD43026136D3B0090B26A /* Release */ = {
			isa = XCBuildConfiguration;
			buildSettings = {
				ALWAYS_EMBED_SWIFT_STANDARD_LIBRARIES = YES;
				CODE_SIGN_STYLE = Automatic;
				INFOPLIST_FILE = CatFactsUITests/Info.plist;
				LD_RUNPATH_SEARCH_PATHS = (
					"$(inherited)",
					"@executable_path/Frameworks",
					"@loader_path/Frameworks",
				);
				PRODUCT_BUNDLE_IDENTIFIER = onfido.CatFactsUITests;
				PRODUCT_NAME = "$(TARGET_NAME)";
				SWIFT_VERSION = 5.0;
				TARGETED_DEVICE_FAMILY = "1,2";
				TEST_TARGET_NAME = CatFactsUITestHost;
			};
			name = Release;
		};
/* End XCBuildConfiguration section */

/* Begin XCConfigurationList section */
		58A7AC807B6EF5F8E9763DF1 /* Build configuration list for PBXNativeTarget "CatFactsUITestHost" */ = {
			isa = XCConfigurationList;
			buildConfigurations = (
				0EED988D9E7BD81FBADD3960 /* Release */,
				0E319F9CEBAA160391487BBD /* Debug */,
			);
			defaultConfigurationIsVisible = 0;
			defaultConfigurationName = Release;
		};
		88CFD3F926136D370090B26A /* Build configuration list for PBXProject "CatFacts" */ = {
			isa = XCConfigurationList;
			buildConfigurations = (
				88CFD42626136D3B0090B26A /* Debug */,
				88CFD42726136D3B0090B26A /* Release */,
			);
			defaultConfigurationIsVisible = 0;
			defaultConfigurationName = Release;
		};
		88CFD42826136D3B0090B26A /* Build configuration list for PBXNativeTarget "CatFacts" */ = {
			isa = XCConfigurationList;
			buildConfigurations = (
				88CFD42926136D3B0090B26A /* Debug */,
				88CFD42A26136D3B0090B26A /* Release */,
			);
			defaultConfigurationIsVisible = 0;
			defaultConfigurationName = Release;
		};
		88CFD42B26136D3B0090B26A /* Build configuration list for PBXNativeTarget "CatFactsTests" */ = {
			isa = XCConfigurationList;
			buildConfigurations = (
				88CFD42C26136D3B0090B26A /* Debug */,
				88CFD42D26136D3B0090B26A /* Release */,
			);
			defaultConfigurationIsVisible = 0;
			defaultConfigurationName = Release;
		};
		88CFD42E26136D3B0090B26A /* Build configuration list for PBXNativeTarget "CatFactsUITests" */ = {
			isa = XCConfigurationList;
			buildConfigurations = (
				88CFD42F26136D3B0090B26A /* Debug */,
				88CFD43026136D3B0090B26A /* Release */,
			);
			defaultConfigurationIsVisible = 0;
			defaultConfigurationName = Release;
		};
/* End XCConfigurationList section */

/* Begin XCRemoteSwiftPackageReference section */
		76B74BC92725A5D467D288B8 /* XCRemoteSwiftPackageReference "SnapKit" */ = {
			isa = XCRemoteSwiftPackageReference;
			repositoryURL = "https://github.com/SnapKit/SnapKit.git";
			requirement = {
				kind = upToNextMajorVersion;
				minimumVersion = 5.7.1;
			};
		};
		D59EE6423062EDAE00947FA5 /* XCRemoteSwiftPackageReference "alamofire" */ = {
			isa = XCRemoteSwiftPackageReference;
			repositoryURL = "https://github.com/alamofire/alamofire";
			requirement = {
				kind = upToNextMajorVersion;
				minimumVersion = 5.12.2;
			};
		};
		D59EE6473062F0D200947FA5 /* XCRemoteSwiftPackageReference "alamofire" */ = {
			isa = XCRemoteSwiftPackageReference;
			repositoryURL = "https://github.com/alamofire/alamofire";
			requirement = {
				kind = upToNextMajorVersion;
				minimumVersion = 5.12.2;
			};
		};
		D59EE64830652AFC00947FA5 /* XCRemoteSwiftPackageReference "swift-algorithms" */ = {
			isa = XCRemoteSwiftPackageReference;
			repositoryURL = "https://github.com/apple/swift-algorithms";
			requirement = {
				kind = upToNextMajorVersion;
				minimumVersion = 1.2.1;
			};
		};
/* End XCRemoteSwiftPackageReference section */

/* Begin XCSwiftPackageProductDependency section */
		03CA158A17954828B7D04702 /* Algorithms */ = {
			isa = XCSwiftPackageProductDependency;
			package = D59EE64830652AFC00947FA5 /* XCRemoteSwiftPackageReference "swift-algorithms" */;
			productName = Algorithms;
		};
		8EAB889AF8FADB095841DAAA /* SnapKit */ = {
			isa = XCSwiftPackageProductDependency;
			package = 76B74BC92725A5D467D288B8 /* XCRemoteSwiftPackageReference "SnapKit" */;
			productName = SnapKit;
		};
		D59EE6433062EDAE00947FA5 /* Alamofire */ = {
			isa = XCSwiftPackageProductDependency;
			package = D59EE6423062EDAE00947FA5 /* XCRemoteSwiftPackageReference "alamofire" */;
			productName = Alamofire;
		};
/* End XCSwiftPackageProductDependency section */
	};
	rootObject = 88CFD3F626136D370090B26A /* Project object */;
}
